
Microsoft Visual Studio Solution File, Format Version 12.00
# Visual Studio Version 17
VisualStudioVersion = 17.5.2.0
MinimumVisualStudioVersion = 10.0.40219.1
Project("{FAE04EC0-301F-11D3-BF4B-00C04F79EFBC}") = "WMCApi", "WMCApi.csproj", "{DD0C521B-5E69-163F-C845-A24E5AE64AFE}"
EndProject
Project("{FAE04EC0-301F-11D3-BF4B-00C04F79EFBC}") = "WMCApi.Tests", "WMCApi.Tests\WMCApi.Tests.csproj", "{449BE520-7630-4556-9CA1-D08F40825571}"
EndProject
Global
	GlobalSection(SolutionConfigurationPlatforms) = preSolution
		Debug|Any CPU = Debug|Any CPU
		Debug|x64 = Debug|x64
		Debug|x86 = Debug|x86
		Release|Any CPU = Release|Any CPU
		Release|x64 = Release|x64
		Release|x86 = Release|x86
	EndGlobalSection
	GlobalSection(ProjectConfigurationPlatforms) = postSolution
		{DD0C521B-5E69-163F-C845-A24E5AE64AFE}.Debug|Any CPU.ActiveCfg = Debug|Any CPU
		{DD0C521B-5E69-163F-C845-A24E5AE64AFE}.Debug|Any CPU.Build.0 = Debug|Any CPU
		{DD0C521B-5E69-163F-C845-A24E5AE64AFE}.Debug|x64.ActiveCfg = Debug|Any CPU
		{DD0C521B-5E69-163F-C845-A24E5AE64AFE}.Debug|x64.Build.0 = Debug|Any CPU
		{DD0C521B-5E69-163F-C845-A24E5AE64AFE}.Debug|x86.ActiveCfg = Debug|Any CPU
		{DD0C521B-5E69-163F-C845-A24E5AE64AFE}.Debug|x86.Build.0 = Debug|Any CPU
		{DD0C521B-5E69-163F-C845-A24E5AE64AFE}.Release|Any CPU.ActiveCfg = Release|Any CPU
		{DD0C521B-5E69-163F-C845-A24E5AE64AFE}.Release|Any CPU.Build.0 = Release|Any CPU
		{DD0C521B-5E69-163F-C845-A24E5AE64AFE}.Release|x64.ActiveCfg = Release|Any CPU
		{DD0C521B-5E69-163F-C845-A24E5AE64AFE}.Release|x64.Build.0 = Release|Any CPU
		{DD0C521B-5E69-163F-C845-A24E5AE64AFE}.Release|x86.ActiveCfg = Release|Any CPU
		{DD0C521B-5E69-163F-C845-A24E5AE64AFE}.Release|x86.Build.0 = Release|Any CPU
		{449BE520-7630-4556-9CA1-D08F40825571}.Debug|Any CPU.ActiveCfg = Debug|Any CPU
		{449BE520-7630-4556-9CA1-D08F40825571}.Debug|Any CPU.Build.0 = Debug|Any CPU
		{449BE520-7630-4556-9CA1-D08F40825571}.Debug|x64.ActiveCfg = Debug|Any CPU
		{449BE520-7630-4556-9CA1-D08F40825571}.Debug|x64.Build.0 = Debug|Any CPU
		{449BE520-7630-4556-9CA1-D08F40825571}.Debug|x86.ActiveCfg = Debug|Any CPU
		{449BE520-7630-4556-9CA1-D08F40825571}.Debug|x86.Build.0 = Debug|Any CPU
		{449BE520-7630-4556-9CA1-D08F40825571}.Release|Any CPU.ActiveCfg = Release|Any CPU
		{449BE520-7630-4556-9CA1-D08F40825571}.Release|Any CPU.Build.0 = Release|Any CPU
		{449BE520-7630-4556-9CA1-D08F40825571}.Release|x64.ActiveCfg = Release|Any CPU
		{449BE520-7630-4556-9CA1-D08F40825571}.Release|x64.Build.0 = Release|Any CPU
		{449BE520-7630-4556-9CA1-D08F40825571}.Release|x86.ActiveCfg = Release|Any CPU
		{449BE520-7630-4556-9CA1-D08F40825571}.Release|x86.Build.0 = Release|Any CPU
	EndGlobalSection
	GlobalSection(SolutionProperties) = preSolution
		HideSolutionNode = FALSE
	EndGlobalSection
	GlobalSection(ExtensibilityGlobals) = postSolution
		SolutionGuid = {DB94FF3F-ABA3-4D47-9F89-7E6411A66CC6}
	EndGlobalSection
EndGlobal
